
Microsoft Visual Studio Solution File, Format Version 12.00
# Visual Studio Version 17
VisualStudioVersion = 17.4.33103.184
MinimumVisualStudioVersion = 10.0.40219.1
Project("{9A19103F-16F7-4668-BE54-9A1E7A4F7556}") = "ShopOnline.Web", "ShopOnline.Web\ShopOnline.Web.csproj", "{C47E2C99-880B-4195-ABE4-C7511F24C285}"
EndProject
Project("{9A19103F-16F7-4668-BE54-9A1E7A4F7556}") = "ShopOnline.Api", "ShopOnline.Api\ShopOnline.Api.csproj", "{77009093-7E57-4AF2-8384-042861DBE776}"
EndProject
Project("{FAE04EC0-301F-11D3-BF4B-00C04F79EFBC}") = "ShopOnline.Core", "ShopOnline.Core\ShopOnline.Core\ShopOnline.Core.csproj", "{DA12AB07-93CA-45BC-B4A0-C3A62E9AF56E}"
EndProject
Project("{FAE04EC0-301F-11D3-BF4B-00C04F79EFBC}") = "ShopOnline.Data", "ShopOnline.Data\ShopOnline.Data\ShopOnline.Data.csproj", "{AD340B43-E448-48C3-BCAF-9E34D781219D}"
EndProject
Global
	GlobalSection(SolutionConfigurationPlatforms) = preSolution
		Debug|Any CPU = Debug|Any CPU
		Release|Any CPU = Release|Any CPU
	EndGlobalSection
	GlobalSection(ProjectConfigurationPlatforms) = postSolution
		{C47E2C99-880B-4195-ABE4-C7511F24C285}.Debug|Any CPU.ActiveCfg = Debug|Any CPU
		{C47E2C99-880B-4195-ABE4-C7511F24C285}.Debug|Any CPU.Build.0 = Debug|Any CPU
		{C47E2C99-880B-4195-ABE4-C7511F24C285}.Release|Any CPU.ActiveCfg = Release|Any CPU
		{C47E2C99-880B-4195-ABE4-C7511F24C285}.Release|Any CPU.Build.0 = Release|Any CPU
		{77009093-7E57-4AF2-8384-042861DBE776}.Debug|Any CPU.ActiveCfg = Debug|Any CPU
		{77009093-7E57-4AF2-8384-042861DBE776}.Debug|Any CPU.Build.0 = Debug|Any CPU
		{77009093-7E57-4AF2-8384-042861DBE776}.Release|Any CPU.ActiveCfg = Release|Any CPU
		{77009093-7E57-4AF2-8384-042861DBE776}.Release|Any CPU.Build.0 = Release|Any CPU
		{DA12AB07-93CA-45BC-B4A0-C3A62E9AF56E}.Debug|Any CPU.ActiveCfg = Debug|Any CPU
		{DA12AB07-93CA-45BC-B4A0-C3A62E9AF56E}.Debug|Any CPU.Build.0 = Debug|Any CPU
		{DA12AB07-93CA-45BC-B4A0-C3A62E9AF56E}.Release|Any CPU.ActiveCfg = Release|Any CPU
		{DA12AB07-93CA-45BC-B4A0-C3A62E9AF56E}.Release|Any CPU.Build.0 = Release|Any CPU
		{AD340B43-E448-48C3-BCAF-9E34D781219D}.Debug|Any CPU.ActiveCfg = Debug|Any CPU
		{AD340B43-E448-48C3-BCAF-9E34D781219D}.Debug|Any CPU.Build.0 = Debug|Any CPU
		{AD340B43-E448-48C3-BCAF-9E34D781219D}.Release|Any CPU.ActiveCfg = Release|Any CPU
		{AD340B43-E448-48C3-BCAF-9E34D781219D}.Release|Any CPU.Build.0 = Release|Any CPU
	EndGlobalSection
	GlobalSection(SolutionProperties) = preSolution
		HideSolutionNode = FALSE
	EndGlobalSection
	GlobalSection(ExtensibilityGlobals) = postSolution
		SolutionGuid = {4B9E1421-C609-4ADC-8B35-D39A8C51D1EF}
	EndGlobalSection
EndGlobal
